
Microsoft Visual Studio Solution File, Format Version 12.00
# Visual Studio Version 17
VisualStudioVersion = 17.14.36705.20 d17.14
MinimumVisualStudioVersion = 10.0.40219.1
Project("{FAE04EC0-301F-11D3-BF4B-00C04F79EFBC}") = "DotNet_Quick_ref_all", "DotNet_Quick_ref_all.csproj", "{F7F830FC-D499-4A3B-8872-B4404BFB303E}"
EndProject
Global
	GlobalSection(SolutionConfigurationPlatforms) = preSolution
		Debug|Any CPU = Debug|Any CPU
		Release|Any CPU = Release|Any CPU
	EndGlobalSection
	GlobalSection(ProjectConfigurationPlatforms) = postSolution
		{F7F830FC-D499-4A3B-8872-B4404BFB303E}.Debug|Any CPU.ActiveCfg = Debug|Any CPU
		{F7F830FC-D499-4A3B-8872-B4404BFB303E}.Debug|Any CPU.Build.0 = Debug|Any CPU
		{F7F830FC-D499-4A3B-8872-B4404BFB303E}.Release|Any CPU.ActiveCfg = Release|Any CPU
		{F7F830FC-D499-4A3B-8872-B4404BFB303E}.Release|Any CPU.Build.0 = Release|Any CPU
	EndGlobalSection
	GlobalSection(SolutionProperties) = preSolution
		HideSolutionNode = FALSE
	EndGlobalSection
	GlobalSection(ExtensibilityGlobals) = postSolution
		SolutionGuid = {F55191C6-CA43-42DA-9F70-38556FDEBF24}
	EndGlobalSection
EndGlobal
